version = 1
revision = 3
requires-python = ">=3.10"

[[package]]
name = "py-wasmer"
version = "0.1.0"
source = { virtual = "." }
dependencies = [
    { name = "wasmer" },
    { name = "wasmer-compiler-cranelift" },
    { name = "wasmer-compiler-llvm" },
]

[package.metadata]
requires-dist = [
    { name = "wasmer", specifier = ">=1.1.0" },
    { name = "wasmer-compiler-cranelift", specifier = ">=1.1.0" },
    { name = "wasmer-compiler-llvm", specifier = ">=1.1.0" },
]

[[package]]
name = "wasmer"
version = "1.1.0"
source = { registry = "https://pypi.org/simple" }
wheels = [
    { url = "https://files.pythonhosted.org/packages/cf/0a/9e5efd92e5cf24d5c08030b4f76dcdf10cbc55c639bbf4df8aeb0c76d448/wasmer-1.1.0-cp310-cp310-macosx_10_7_x86_64.whl", hash = "sha256:c2af4b907ae2dabcac41e316e811d5937c93adf1f8b05c5d49427f8ce0f37630", size = 1465236, upload-time = "2022-01-07T23:23:52.601Z" },
    { url = "https://files.pythonhosted.org/packages/a7/79/3f53cf611cbdd04a9b9997bf3ad18e5602350f90d404c162fbf3112684f2/wasmer-1.1.0-cp310-cp310-manylinux_2_24_x86_64.whl", hash = "sha256:ab1ae980021e5ec0bf0c6cdd3b979b1d15a5f3eb2b8a32da8dcb1156e4a1e484", size = 1603286, upload-time = "2022-01-07T23:23:54.467Z" },
    { url = "https://files.pythonhosted.org/packages/24/70/ca7bf7a3f85d8de745eca73e40bc83cf86bb52ea494b33721fc0572889ab/wasmer-1.1.0-cp310-none-win_amd64.whl", hash = "sha256:d0d93aec6215893d33e803ef0a8d37bf948c585dd80ba0e23a83fafee820bc03", size = 1435852, upload-time = "2022-01-07T23:23:56.134Z" },
    { url = "https://files.pythonhosted.org/packages/39/6b/30e25924cae7add377f5601e71c778e9a1e515c7a58291f52756c1bb7e87/wasmer-1.1.0-py3-none-any.whl", hash = "sha256:2caf8c67feae9cd4246421551036917811c446da4f27ad4c989521ef42751931", size = 1617, upload-time = "2022-01-07T23:24:10.046Z" },
]

[[package]]
name = "wasmer-compiler-cranelift"
version = "1.1.0"
source = { registry = "https://pypi.org/simple" }
wheels = [
    { url = "https://files.pythonhosted.org/packages/c5/cf/e0ac8ec0dde10716668819eb894edddd15cece14fcb4c26ee82ed3d1f65e/wasmer_compiler_cranelift-1.1.0-cp310-cp310-macosx_10_7_x86_64.whl", hash = "sha256:9869910179f39696a020edc5689f7759257ac1cce569a7a0fcf340c59788baad", size = 1731266, upload-time = "2022-01-07T23:24:11.614Z" },
    { url = "https://files.pythonhosted.org/packages/74/9b/1cb2c909ef82f464afed1cd799cfcae95063fc3233c5140819e4b4ceee54/wasmer_compiler_cranelift-1.1.0-cp310-cp310-manylinux_2_24_x86_64.whl", hash = "sha256:405546ee864ac158a4107f374dfbb1c8d6cfb189829bdcd13050143a4bd98f28", size = 1854396, upload-time = "2022-01-07T23:24:12.878Z" },
    { url = "https://files.pythonhosted.org/packages/a1/46/bf489a62c2f919ffcfce4b92c9d07e0257b14a1afd4fb122a7b64632c8ec/wasmer_compiler_cranelift-1.1.0-cp310-none-win_amd64.whl", hash = "sha256:bdf75af9ef082e6aeb752550f694273340ece970b65099e0746db0f972760d11", size = 1705776, upload-time = "2022-01-07T23:24:14.097Z" },
    { url = "https://files.pythonhosted.org/packages/28/fa/26489c8f25470a3d50994aac8ebeabb2ca7f88874a15e0e77272b3a912c4/wasmer_compiler_cranelift-1.1.0-py3-none-any.whl", hash = "sha256:200fea80609cfb088457327acf66d5aa61f4c4f66b5a71133ada960b534c7355", size = 1866, upload-time = "2022-01-07T23:24:26.736Z" },
]

[[package]]
name = "wasmer-compiler-llvm"
version = "1.1.0"
source = { registry = "https://pypi.org/simple" }
wheels = [
    { url = "https://files.pythonhosted.org/packages/b9/1d/6b8075c0de1598fce26a1b46f7f37862d963d815e0ce39f1816ad77ca71d/wasmer_compiler_llvm-1.1.0-cp310-cp310-macosx_10_7_x86_64.whl", hash = "sha256:11eb9dc1278ac66f01ff8119aa7e594a02e54b54d4bddd6f735779fbb7568f74", size = 12380317, upload-time = "2022-01-07T23:24:28.554Z" },
    { url = "https://files.pythonhosted.org/packages/c7/c3/b8e6ded72dfef2b74e9659e305e63c49ffbf3bc3a6eedbd301febd984c08/wasmer_compiler_llvm-1.1.0-cp310-cp310-manylinux_2_27_x86_64.whl", hash = "sha256:d93fcea6793a7ec7e477abcd99ea83fe2c6f5866053e7e357fc5c32c50fed056", size = 13247762, upload-time = "2022-01-07T23:24:30.685Z" },
    { url = "https://files.pythonhosted.org/packages/73/a7/64f4a108685a985b8e8c9f72f8e2a5c390ab6fcc936abe160e650e7d6956/wasmer_compiler_llvm-1.1.0-py3-none-any.whl", hash = "sha256:cc7febd961dd50353c6fed475610e47a68d58d2e6ef77b735f1f850b9b007229", size = 1805, upload-time = "2022-01-07T23:24:45.261Z" },
]
